
Microsoft Visual Studio Solution File, Format Version 12.00
# Visual Studio Version 17
VisualStudioVersion = 17.5.002.0
MinimumVisualStudioVersion = 10.0.40219.1
Project("{9A19103F-16F7-4668-BE54-9A1E7A4F7556}") = "DesafioFundamentos", "DesafioFundamentos\DesafioFundamentos.csproj", "{4A00365B-9A49-4C1A-8C4C-72427AAE1ECF}"
EndProject
Global
	GlobalSection(SolutionConfigurationPlatforms) = preSolution
		Debug|Any CPU = Debug|Any CPU
		Release|Any CPU = Release|Any CPU
	EndGlobalSection
	GlobalSection(ProjectConfigurationPlatforms) = postSolution
		{4A00365B-9A49-4C1A-8C4C-72427AAE1ECF}.Debug|Any CPU.ActiveCfg = Debug|Any CPU
		{4A00365B-9A49-4C1A-8C4C-72427AAE1ECF}.Debug|Any CPU.Build.0 = Debug|Any CPU
		{4A00365B-9A49-4C1A-8C4C-72427AAE1ECF}.Release|Any CPU.ActiveCfg = Release|Any CPU
		{4A00365B-9A49-4C1A-8C4C-72427AAE1ECF}.Release|Any CPU.Build.0 = Release|Any CPU
	EndGlobalSection
	GlobalSection(SolutionProperties) = preSolution
		HideSolutionNode = FALSE
	EndGlobalSection
	GlobalSection(ExtensibilityGlobals) = postSolution
		SolutionGuid = {937A2E75-0822-4115-B9E2-6D73F1CC0D35}
	EndGlobalSection
EndGlobal
